{
  "name": "apollo-design-system",
  "version": "0.0.1",
  "lockfileVersion": 1,
  "requires": true,
  "dependencies": {
    "@stencil/core": {
      "version": "2.2.0",
      "resolved": "https://registry.npmjs.org/@stencil/core/-/core-2.2.0.tgz",
      "integrity": "sha512-2V+DEUs9wvkcgnIIs0huye/M1v7x6qEzeOjp056RQlB08U1I4ex3vnBoE0/CrR35wK3ZZv2JYPOfBUuqR+6AAg=="
    }
  }
}
